
Microsoft Visual Studio Solution File, Format Version 12.00
# Visual Studio Version 17
VisualStudioVersion = 17.9.34728.123
MinimumVisualStudioVersion = 10.0.40219.1
Project("{9A19103F-16F7-4668-BE54-9A1E7A4F7556}") = "PrmAnEditor", "PrmAnEditor.csproj", "{E279CA93-43F5-4075-BBA2-9CC26C2CCA3B}"
EndProject
Project("{9A19103F-16F7-4668-BE54-9A1E7A4F7556}") = "BlakieLibSharp", "..\BlakieLibSharp\BlakieLibSharp.csproj", "{1AE180EF-0071-4152-A3FF-33223F2D2407}"
EndProject
Global
	GlobalSection(SolutionConfigurationPlatforms) = preSolution
		Debug|Any CPU = Debug|Any CPU
		Release|Any CPU = Release|Any CPU
	EndGlobalSection
	GlobalSection(ProjectConfigurationPlatforms) = postSolution
		{E279CA93-43F5-4075-BBA2-9CC26C2CCA3B}.Debug|Any CPU.ActiveCfg = Debug|Any CPU
		{E279CA93-43F5-4075-BBA2-9CC26C2CCA3B}.Debug|Any CPU.Build.0 = Debug|Any CPU
		{E279CA93-43F5-4075-BBA2-9CC26C2CCA3B}.Release|Any CPU.ActiveCfg = Release|Any CPU
		{E279CA93-43F5-4075-BBA2-9CC26C2CCA3B}.Release|Any CPU.Build.0 = Release|Any CPU
		{1AE180EF-0071-4152-A3FF-33223F2D2407}.Debug|Any CPU.ActiveCfg = Debug|Any CPU
		{1AE180EF-0071-4152-A3FF-33223F2D2407}.Debug|Any CPU.Build.0 = Debug|Any CPU
		{1AE180EF-0071-4152-A3FF-33223F2D2407}.Release|Any CPU.ActiveCfg = Release|Any CPU
		{1AE180EF-0071-4152-A3FF-33223F2D2407}.Release|Any CPU.Build.0 = Release|Any CPU
	EndGlobalSection
	GlobalSection(SolutionProperties) = preSolution
		HideSolutionNode = FALSE
	EndGlobalSection
	GlobalSection(ExtensibilityGlobals) = postSolution
		SolutionGuid = {1893FD56-0523-4C9B-9B39-7B8A38DC83AF}
	EndGlobalSection
EndGlobal
